
Microsoft Visual Studio Solution File, Format Version 12.00
# Visual Studio Version 17
VisualStudioVersion = 17.5.002.0
MinimumVisualStudioVersion = 10.0.40219.1
Project("{9A19103F-16F7-4668-BE54-9A1E7A4F7556}") = "web-api", "web-api.csproj", "{82F76549-F21F-47D2-993B-7F42A2D8138A}"
EndProject
Global
	GlobalSection(SolutionConfigurationPlatforms) = preSolution
		Debug|Any CPU = Debug|Any CPU
		Release|Any CPU = Release|Any CPU
	EndGlobalSection
	GlobalSection(ProjectConfigurationPlatforms) = postSolution
		{82F76549-F21F-47D2-993B-7F42A2D8138A}.Debug|Any CPU.ActiveCfg = Debug|Any CPU
		{82F76549-F21F-47D2-993B-7F42A2D8138A}.Debug|Any CPU.Build.0 = Debug|Any CPU
		{82F76549-F21F-47D2-993B-7F42A2D8138A}.Release|Any CPU.ActiveCfg = Release|Any CPU
		{82F76549-F21F-47D2-993B-7F42A2D8138A}.Release|Any CPU.Build.0 = Release|Any CPU
	EndGlobalSection
	GlobalSection(SolutionProperties) = preSolution
		HideSolutionNode = FALSE
	EndGlobalSection
	GlobalSection(ExtensibilityGlobals) = postSolution
		SolutionGuid = {29C09531-7C60-47F2-BFED-D2EB324C4C07}
	EndGlobalSection
EndGlobal
